// !$*UTF8*$!
{
	archiveVersion = 1;
	classes = {
	};
	objectVersion = 55;
	objects = {

/* Begin PBXBuildFile section */
		6D0F9CE3286225CA001E1C08 /* TableViewControllerRefaciones.swift in Sources */ = {isa = PBXBuildFile; fileRef = 6D0F9CE2286225CA001E1C08 /* TableViewControllerRefaciones.swift */; };
		6D0F9CE528622617001E1C08 /* TableViewCellRefaccion.swift in Sources */ = {isa = PBXBuildFile; fileRef = 6D0F9CE428622617001E1C08 /* TableViewCellRefaccion.swift */; };
		6D0F9CE7286242C9001E1C08 /* ViewControllerRefaccionDetalle.swift in Sources */ = {isa = PBXBuildFile; fileRef = 6D0F9CE6286242C9001E1C08 /* ViewControllerRefaccionDetalle.swift */; };
		6DFA7E012860D91D00B3EB46 /* AppDelegate.swift in Sources */ = {isa = PBXBuildFile; fileRef = 6DFA7E002860D91D00B3EB46 /* AppDelegate.swift */; };
		6DFA7E032860D91D00B3EB46 /* SceneDelegate.swift in Sources */ = {isa = PBXBuildFile; fileRef = 6DFA7E022860D91D00B3EB46 /* SceneDelegate.swift */; };
		6DFA7E052860D91D00B3EB46 /* ViewController.swift in Sources */ = {isa = PBXBuildFile; fileRef = 6DFA7E042860D91D00B3EB46 /* ViewController.swift */; };
		6DFA7E082860D91D00B3EB46 /* Main.storyboard in Resources */ = {isa = PBXBuildFile; fileRef = 6DFA7E062860D91D00B3EB46 /* Main.storyboard */; };
		6DFA7E0B2860D91D00B3EB46 /* MiPrimeraVez.xcdatamodeld in Sources */ = {isa = PBXBuildFile; fileRef = 6DFA7E092860D91D00B3EB46 /* MiPrimeraVez.xcdatamodeld */; };
		6DFA7E0D2860D92200B3EB46 /* Assets.xcassets in Resources */ = {isa = PBXBuildFile; fileRef = 6DFA7E0C2860D92200B3EB46 /* Assets.xcassets */; };
		6DFA7E102860D92200B3EB46 /* LaunchScreen.storyboard in Resources */ = {isa = PBXBuildFile; fileRef = 6DFA7E0E2860D92200B3EB46 /* LaunchScreen.storyboard */; };
		6DFA7E192860F0CB00B3EB46 /* ViewControllerDetalleComida.swift in Sources */ = {isa = PBXBuildFile; fileRef = 6DFA7E182860F0CB00B3EB46 /* ViewControllerDetalleComida.swift */; };
/* End PBXBuildFile section */

/* Begin PBXFileReference section */
		6D0F9CE2286225CA001E1C08 /* TableViewControllerRefaciones.swift */ = {isa = PBXFileReference; lastKnownFileType = sourcecode.swift; path = TableViewControllerRefaciones.swift; sourceTree = "<group>"; };
		6D0F9CE428622617001E1C08 /* TableViewCellRefaccion.swift */ = {isa = PBXFileReference; lastKnownFileType = sourcecode.swift; name = TableViewCellRefaccion.swift; path = Controllers/TableViewCellRefaccion.swift; sourceTree = "<group>"; };
		6D0F9CE6286242C9001E1C08 /* ViewControllerRefaccionDetalle.swift */ = {isa = PBXFileReference; lastKnownFileType = sourcecode.swift; name = ViewControllerRefaccionDetalle.swift; path = Controllers/ViewControllerRefaccionDetalle.swift; sourceTree = "<group>"; };
		6DFA7DFD2860D91D00B3EB46 /* MiPrimeraVez.app */ = {isa = PBXFileReference; explicitFileType = wrapper.application; includeInIndex = 0; path = MiPrimeraVez.app; sourceTree = BUILT_PRODUCTS_DIR; };
		6DFA7E002860D91D00B3EB46 /* AppDelegate.swift */ = {isa = PBXFileReference; lastKnownFileType = sourcecode.swift; path = AppDelegate.swift; sourceTree = "<group>"; };
		6DFA7E022860D91D00B3EB46 /* SceneDelegate.swift */ = {isa = PBXFileReference; lastKnownFileType = sourcecode.swift; path = SceneDelegate.swift; sourceTree = "<group>"; };
		6DFA7E042860D91D00B3EB46 /* ViewController.swift */ = {isa = PBXFileReference; lastKnownFileType = sourcecode.swift; path = ViewController.swift; sourceTree = "<group>"; };
		6DFA7E072860D91D00B3EB46 /* Base */ = {isa = PBXFileReference; lastKnownFileType = file.storyboard; name = Base; path = Base.lproj/Main.storyboard; sourceTree = "<group>"; };
		6DFA7E0A2860D91D00B3EB46 /* MiPrimeraVez.xcdatamodel */ = {isa = PBXFileReference; lastKnownFileType = wrapper.xcdatamodel; path = MiPrimeraVez.xcdatamodel; sourceTree = "<group>"; };
		6DFA7E0C2860D92200B3EB46 /* Assets.xcassets */ = {isa = PBXFileReference; lastKnownFileType = folder.assetcatalog; path = Assets.xcassets; sourceTree = "<group>"; };
		6DFA7E0F2860D92200B3EB46 /* Base */ = {isa = PBXFileReference; lastKnownFileType = file.storyboard; name = Base; path = Base.lproj/LaunchScreen.storyboard; sourceTree = "<group>"; };
		6DFA7E112860D92200B3EB46 /* Info.plist */ = {isa = PBXFileReference; lastKnownFileType = text.plist.xml; path = Info.plist; sourceTree = "<group>"; };
		6DFA7E182860F0CB00B3EB46 /* ViewControllerDetalleComida.swift */ = {isa = PBXFileReference; lastKnownFileType = sourcecode.swift; path = ViewControllerDetalleComida.swift; sourceTree = "<group>"; };
/* End PBXFileReference section */

/* Begin PBXFrameworksBuildPhase section */
		6DFA7DFA2860D91D00B3EB46 /* Frameworks */ = {
			isa = PBXFrameworksBuildPhase;
			buildActionMask = 2147483647;
			files = (
			);
			runOnlyForDeploymentPostprocessing = 0;
		};
/* End PBXFrameworksBuildPhase section */

/* Begin PBXGroup section */
		6DFA7DF42860D91D00B3EB46 = {
			isa = PBXGroup;
			children = (
				6DFA7DFF2860D91D00B3EB46 /* MiPrimeraVez */,
				6DFA7DFE2860D91D00B3EB46 /* Products */,
			);
			sourceTree = "<group>";
		};
		6DFA7DFE2860D91D00B3EB46 /* Products */ = {
			isa = PBXGroup;
			children = (
				6DFA7DFD2860D91D00B3EB46 /* MiPrimeraVez.app */,
			);
			name = Products;
			sourceTree = "<group>";
		};
		6DFA7DFF2860D91D00B3EB46 /* MiPrimeraVez */ = {
			isa = PBXGroup;
			children = (
				6DFA7E172860F03C00B3EB46 /* Controllers */,
				6DFA7E002860D91D00B3EB46 /* AppDelegate.swift */,
				6DFA7E022860D91D00B3EB46 /* SceneDelegate.swift */,
				6DFA7E042860D91D00B3EB46 /* ViewController.swift */,
				6DFA7E062860D91D00B3EB46 /* Main.storyboard */,
				6D0F9CE6286242C9001E1C08 /* ViewControllerRefaccionDetalle.swift */,
				6D0F9CE2286225CA001E1C08 /* TableViewControllerRefaciones.swift */,
				6D0F9CE428622617001E1C08 /* TableViewCellRefaccion.swift */,
				6DFA7E0C2860D92200B3EB46 /* Assets.xcassets */,
				6DFA7E0E2860D92200B3EB46 /* LaunchScreen.storyboard */,
				6DFA7E112860D92200B3EB46 /* Info.plist */,
				6DFA7E092860D91D00B3EB46 /* MiPrimeraVez.xcdatamodeld */,
			);
			path = MiPrimeraVez;
			sourceTree = "<group>";
		};
		6DFA7E172860F03C00B3EB46 /* Controllers */ = {
			isa = PBXGroup;
			children = (
				6DFA7E182860F0CB00B3EB46 /* ViewControllerDetalleComida.swift */,
			);
			path = Controllers;
			sourceTree = "<group>";
		};
/* End PBXGroup section */

/* Begin PBXNativeTarget section */
		6DFA7DFC2860D91D00B3EB46 /* MiPrimeraVez */ = {
			isa = PBXNativeTarget;
			buildConfigurationList = 6DFA7E142860D92200B3EB46 /* Build configuration list for PBXNativeTarget "MiPrimeraVez" */;
			buildPhases = (
				6DFA7DF92860D91D00B3EB46 /* Sources */,
				6DFA7DFA2860D91D00B3EB46 /* Frameworks */,
				6DFA7DFB2860D91D00B3EB46 /* Resources */,
			);
			buildRules = (
			);
			dependencies = (
			);
			name = MiPrimeraVez;
			productName = MiPrimeraVez;
			productReference = 6DFA7DFD2860D91D00B3EB46 /* MiPrimeraVez.app */;
			productType = "com.apple.product-type.application";
		};
/* End PBXNativeTarget section */

/* Begin PBXProject section */
		6DFA7DF52860D91D00B3EB46 /* Project object */ = {
			isa = PBXProject;
			attributes = {
				BuildIndependentTargetsInParallel = 1;
				LastSwiftUpdateCheck = 1330;
				LastUpgradeCheck = 1330;
				TargetAttributes = {
					6DFA7DFC2860D91D00B3EB46 = {
						CreatedOnToolsVersion = 13.3.1;
					};
				};
			};
			buildConfigurationList = 6DFA7DF82860D91D00B3EB46 /* Build configuration list for PBXProject "MiPrimeraVez" */;
			compatibilityVersion = "Xcode 13.0";
			developmentRegion = en;
			hasScannedForEncodings = 0;
			knownRegions = (
				en,
				Base,
			);
			mainGroup = 6DFA7DF42860D91D00B3EB46;
			productRefGroup = 6DFA7DFE2860D91D00B3EB46 /* Products */;
			projectDirPath = "";
			projectRoot = "";
			targets = (
				6DFA7DFC2860D91D00B3EB46 /* MiPrimeraVez */,
			);
		};
/* End PBXProject section */

/* Begin PBXResourcesBuildPhase section */
		6DFA7DFB2860D91D00B3EB46 /* Resources */ = {
			isa = PBXResourcesBuildPhase;
			buildActionMask = 2147483647;
			files = (
				6DFA7E102860D92200B3EB46 /* LaunchScreen.storyboard in Resources */,
				6DFA7E0D2860D92200B3EB46 /* Assets.xcassets in Resources */,
				6DFA7E082860D91D00B3EB46 /* Main.storyboard in Resources */,
			);
			runOnlyForDeploymentPostprocessing = 0;
		};
/* End PBXResourcesBuildPhase section */

/* Begin PBXSourcesBuildPhase section */
		6DFA7DF92860D91D00B3EB46 /* Sources */ = {
			isa = PBXSourcesBuildPhase;
			buildActionMask = 2147483647;
			files = (
				6D0F9CE528622617001E1C08 /* TableViewCellRefaccion.swift in Sources */,
				6DFA7E192860F0CB00B3EB46 /* ViewControllerDetalleComida.swift in Sources */,
				6DFA7E0B2860D91D00B3EB46 /* MiPrimeraVez.xcdatamodeld in Sources */,
				6D0F9CE7286242C9001E1C08 /* ViewControllerRefaccionDetalle.swift in Sources */,
				6D0F9CE3286225CA001E1C08 /* TableViewControllerRefaciones.swift in Sources */,
				6DFA7E052860D91D00B3EB46 /* ViewController.swift in Sources */,
				6DFA7E012860D91D00B3EB46 /* AppDelegate.swift in Sources */,
				6DFA7E032860D91D00B3EB46 /* SceneDelegate.swift in Sources */,
			);
			runOnlyForDeploymentPostprocessing = 0;
		};
/* End PBXSourcesBuildPhase section */

/* Begin PBXVariantGroup section */
		6DFA7E062860D91D00B3EB46 /* Main.storyboard */ = {
			isa = PBXVariantGroup;
			children = (
				6DFA7E072860D91D00B3EB46 /* Base */,
			);
			name = Main.storyboard;
			sourceTree = "<group>";
		};
		6DFA7E0E2860D92200B3EB46 /* LaunchScreen.storyboard */ = {
			isa = PBXVariantGroup;
			children = (
				6DFA7E0F2860D92200B3EB46 /* Base */,
			);
			name = LaunchScreen.storyboard;
			sourceTree = "<group>";
		};
/* End PBXVariantGroup section */

/* Begin XCBuildConfiguration section */
		6DFA7E122860D92200B3EB46 /* Debug */ = {
			isa = XCBuildConfiguration;
			buildSettings = {
				ALWAYS_SEARCH_USER_PATHS = NO;
				CLANG_ANALYZER_NONNULL = YES;
				CLANG_ANALYZER_NUMBER_OBJECT_CONVERSION = YES_AGGRESSIVE;
				CLANG_CXX_LANGUAGE_STANDARD = "gnu++17";
				CLANG_ENABLE_MODULES = YES;
				CLANG_ENABLE_OBJC_ARC = YES;
				CLANG_ENABLE_OBJC_WEAK = YES;
				CLANG_WARN_BLOCK_CAPTURE_AUTORELEASING = YES;
				CLANG_WARN_BOOL_CONVERSION = YES;
				CLANG_WARN_COMMA = YES;
				CLANG_WARN_CONSTANT_CONVERSION = YES;
				CLANG_WARN_DEPRECATED_OBJC_IMPLEMENTATIONS = YES;
				CLANG_WARN_DIRECT_OBJC_ISA_USAGE = YES_ERROR;
				CLANG_WARN_DOCUMENTATION_COMMENTS = YES;
				CLANG_WARN_EMPTY_BODY = YES;
				CLANG_WARN_ENUM_CONVERSION = YES;
				CLANG_WARN_INFINITE_RECURSION = YES;
				CLANG_WARN_INT_CONVERSION = YES;
				CLANG_WARN_NON_LITERAL_NULL_CONVERSION = YES;
				CLANG_WARN_OBJC_IMPLICIT_RETAIN_SELF = YES;
				CLANG_WARN_OBJC_LITERAL_CONVERSION = YES;
				CLANG_WARN_OBJC_ROOT_CLASS = YES_ERROR;
				CLANG_WARN_QUOTED_INCLUDE_IN_FRAMEWORK_HEADER = YES;
				CLANG_WARN_RANGE_LOOP_ANALYSIS = YES;
				CLANG_WARN_STRICT_PROTOTYPES = YES;
				CLANG_WARN_SUSPICIOUS_MOVE = YES;
				CLANG_WARN_UNGUARDED_AVAILABILITY = YES_AGGRESSIVE;
				CLANG_WARN_UNREACHABLE_CODE = YES;
				CLANG_WARN__DUPLICATE_METHOD_MATCH = YES;
				COPY_PHASE_STRIP = NO;
				DEBUG_INFORMATION_FORMAT = dwarf;
				ENABLE_STRICT_OBJC_MSGSEND = YES;
				ENABLE_TESTABILITY = YES;
				GCC_C_LANGUAGE_STANDARD = gnu11;
				GCC_DYNAMIC_NO_PIC = NO;
				GCC_NO_COMMON_BLOCKS = YES;
				GCC_OPTIMIZATION_LEVEL = 0;
				GCC_PREPROCESSOR_DEFINITIONS = (
					"DEBUG=1",
					"$(inherited)",
				);
				GCC_WARN_64_TO_32_BIT_CONVERSION = YES;
				GCC_WARN_ABOUT_RETURN_TYPE = YES_ERROR;
				GCC_WARN_UNDECLARED_SELECTOR = YES;
				GCC_WARN_UNINITIALIZED_AUTOS = YES_AGGRESSIVE;
				GCC_WARN_UNUSED_FUNCTION = YES;
				GCC_WARN_UNUSED_VARIABLE = YES;
				IPHONEOS_DEPLOYMENT_TARGET = 15.4;
				MTL_ENABLE_DEBUG_INFO = INCLUDE_SOURCE;
				MTL_FAST_MATH = YES;
				ONLY_ACTIVE_ARCH = YES;
				SDKROOT = iphoneos;
				SWIFT_ACTIVE_COMPILATION_CONDITIONS = DEBUG;
				SWIFT_OPTIMIZATION_LEVEL = "-Onone";
			};
			name = Debug;
		};
		6DFA7E132860D92200B3EB46 /* Release */ = {
			isa = XCBuildConfiguration;
			buildSettings = {
				ALWAYS_SEARCH_USER_PATHS = NO;
				CLANG_ANALYZER_NONNULL = YES;
				CLANG_ANALYZER_NUMBER_OBJECT_CONVERSION = YES_AGGRESSIVE;
				CLANG_CXX_LANGUAGE_STANDARD = "gnu++17";
				CLANG_ENABLE_MODULES = YES;
				CLANG_ENABLE_OBJC_ARC = YES;
				CLANG_ENABLE_OBJC_WEAK = YES;
				CLANG_WARN_BLOCK_CAPTURE_AUTORELEASING = YES;
				CLANG_WARN_BOOL_CONVERSION = YES;
				CLANG_WARN_COMMA = YES;
				CLANG_WARN_CONSTANT_CONVERSION = YES;
				CLANG_WARN_DEPRECATED_OBJC_IMPLEMENTATIONS = YES;
				CLANG_WARN_DIRECT_OBJC_ISA_USAGE = YES_ERROR;
				CLANG_WARN_DOCUMENTATION_COMMENTS = YES;
				CLANG_WARN_EMPTY_BODY = YES;
				CLANG_WARN_ENUM_CONVERSION = YES;
				CLANG_WARN_INFINITE_RECURSION = YES;
				CLANG_WARN_INT_CONVERSION = YES;
				CLANG_WARN_NON_LITERAL_NULL_CONVERSION = YES;
				CLANG_WARN_OBJC_IMPLICIT_RETAIN_SELF = YES;
				CLANG_WARN_OBJC_LITERAL_CONVERSION = YES;
				CLANG_WARN_OBJC_ROOT_CLASS = YES_ERROR;
				CLANG_WARN_QUOTED_INCLUDE_IN_FRAMEWORK_HEADER = YES;
				CLANG_WARN_RANGE_LOOP_ANALYSIS = YES;
				CLANG_WARN_STRICT_PROTOTYPES = YES;
				CLANG_WARN_SUSPICIOUS_MOVE = YES;
				CLANG_WARN_UNGUARDED_AVAILABILITY = YES_AGGRESSIVE;
				CLANG_WARN_UNREACHABLE_CODE = YES;
				CLANG_WARN__DUPLICATE_METHOD_MATCH = YES;
				COPY_PHASE_STRIP = NO;
				DEBUG_INFORMATION_FORMAT = "dwarf-with-dsym";
				ENABLE_NS_ASSERTIONS = NO;
				ENABLE_STRICT_OBJC_MSGSEND = YES;
				GCC_C_LANGUAGE_STANDARD = gnu11;
				GCC_NO_COMMON_BLOCKS = YES;
				GCC_WARN_64_TO_32_BIT_CONVERSION = YES;
				GCC_WARN_ABOUT_RETURN_TYPE = YES_ERROR;
				GCC_WARN_UNDECLARED_SELECTOR = YES;
				GCC_WARN_UNINITIALIZED_AUTOS = YES_AGGRESSIVE;
				GCC_WARN_UNUSED_FUNCTION = YES;
				GCC_WARN_UNUSED_VARIABLE = YES;
				IPHONEOS_DEPLOYMENT_TARGET = 15.4;
				MTL_ENABLE_DEBUG_INFO = NO;
				MTL_FAST_MATH = YES;
				SDKROOT = iphoneos;
				SWIFT_COMPILATION_MODE = wholemodule;
				SWIFT_OPTIMIZATION_LEVEL = "-O";
				VALIDATE_PRODUCT = YES;
			};
			name = Release;
		};
		6DFA7E152860D92200B3EB46 /* Debug */ = {
			isa = XCBuildConfiguration;
			buildSettings = {
				ASSETCATALOG_COMPILER_APPICON_NAME = AppIcon;
				ASSETCATALOG_COMPILER_GLOBAL_ACCENT_COLOR_NAME = AccentColor;
				CODE_SIGN_STYLE = Automatic;
				CURRENT_PROJECT_VERSION = 1;
				GENERATE_INFOPLIST_FILE = YES;
				INFOPLIST_FILE = MiPrimeraVez/Info.plist;
				INFOPLIST_KEY_UIApplicationSupportsIndirectInputEvents = YES;
				INFOPLIST_KEY_UILaunchStoryboardName = LaunchScreen;
				INFOPLIST_KEY_UIMainStoryboardFile = Main;
				INFOPLIST_KEY_UISupportedInterfaceOrientations_iPad = "UIInterfaceOrientationPortrait UIInterfaceOrientationPortraitUpsideDown UIInterfaceOrientationLandscapeLeft UIInterfaceOrientationLandscapeRight";
				INFOPLIST_KEY_UISupportedInterfaceOrientations_iPhone = "UIInterfaceOrientationPortrait UIInterfaceOrientationLandscapeLeft UIInterfaceOrientationLandscapeRight";
				LD_RUNPATH_SEARCH_PATHS = (
					"$(inherited)",
					"@executable_path/Frameworks",
				);
				MARKETING_VERSION = 1.0;
				PRODUCT_BUNDLE_IDENTIFIER = unam.fca.iOS.MiPrimeraVez;
				PRODUCT_NAME = "$(TARGET_NAME)";
				SWIFT_EMIT_LOC_STRINGS = YES;
				SWIFT_VERSION = 5.0;
				TARGETED_DEVICE_FAMILY = "1,2";
			};
			name = Debug;
		};
		6DFA7E162860D92200B3EB46 /* Release */ = {
			isa = XCBuildConfiguration;
			buildSettings = {
				ASSETCATALOG_COMPILER_APPICON_NAME = AppIcon;
				ASSETCATALOG_COMPILER_GLOBAL_ACCENT_COLOR_NAME = AccentColor;
				CODE_SIGN_STYLE = Automatic;
				CURRENT_PROJECT_VERSION = 1;
				GENERATE_INFOPLIST_FILE = YES;
				INFOPLIST_FILE = MiPrimeraVez/Info.plist;
				INFOPLIST_KEY_UIApplicationSupportsIndirectInputEvents = YES;
				INFOPLIST_KEY_UILaunchStoryboardName = LaunchScreen;
				INFOPLIST_KEY_UIMainStoryboardFile = Main;
				INFOPLIST_KEY_UISupportedInterfaceOrientations_iPad = "UIInterfaceOrientationPortrait UIInterfaceOrientationPortraitUpsideDown UIInterfaceOrientationLandscapeLeft UIInterfaceOrientationLandscapeRight";
				INFOPLIST_KEY_UISupportedInterfaceOrientations_iPhone = "UIInterfaceOrientationPortrait UIInterfaceOrientationLandscapeLeft UIInterfaceOrientationLandscapeRight";
				LD_RUNPATH_SEARCH_PATHS = (
					"$(inherited)",
					"@executable_path/Frameworks",
				);
				MARKETING_VERSION = 1.0;
				PRODUCT_BUNDLE_IDENTIFIER = unam.fca.iOS.MiPrimeraVez;
				PRODUCT_NAME = "$(TARGET_NAME)";
				SWIFT_EMIT_LOC_STRINGS = YES;
				SWIFT_VERSION = 5.0;
				TARGETED_DEVICE_FAMILY = "1,2";
			};
			name = Release;
		};
/* End XCBuildConfiguration section */

/* Begin XCConfigurationList section */
		6DFA7DF82860D91D00B3EB46 /* Build configuration list for PBXProject "MiPrimeraVez" */ = {
			isa = XCConfigurationList;
			buildConfigurations = (
				6DFA7E122860D92200B3EB46 /* Debug */,
				6DFA7E132860D92200B3EB46 /* Release */,
			);
			defaultConfigurationIsVisible = 0;
			defaultConfigurationName = Release;
		};
		6DFA7E142860D92200B3EB46 /* Build configuration list for PBXNativeTarget "MiPrimeraVez" */ = {
			isa = XCConfigurationList;
			buildConfigurations = (
				6DFA7E152860D92200B3EB46 /* Debug */,
				6DFA7E162860D92200B3EB46 /* Release */,
			);
			defaultConfigurationIsVisible = 0;
			defaultConfigurationName = Release;
		};
/* End XCConfigurationList section */

/* Begin XCVersionGroup section */
		6DFA7E092860D91D00B3EB46 /* MiPrimeraVez.xcdatamodeld */ = {
			isa = XCVersionGroup;
			children = (
				6DFA7E0A2860D91D00B3EB46 /* MiPrimeraVez.xcdatamodel */,
			);
			currentVersion = 6DFA7E0A2860D91D00B3EB46 /* MiPrimeraVez.xcdatamodel */;
			path = MiPrimeraVez.xcdatamodeld;
			sourceTree = "<group>";
			versionGroupType = wrapper.xcdatamodel;
		};
/* End XCVersionGroup section */
	};
	rootObject = 6DFA7DF52860D91D00B3EB46 /* Project object */;
}
